
Microsoft Visual Studio Solution File, Format Version 12.00
# Visual Studio Version 17
VisualStudioVersion = 17.6.33815.320
MinimumVisualStudioVersion = 10.0.40219.1
Project("{FAE04EC0-301F-11D3-BF4B-00C04F79EFBC}") = "CocukLise", "CocukLise\CocukLise.csproj", "{A2984C86-146B-42FA-A3EE-305224AC2B38}"
EndProject
Project("{FAE04EC0-301F-11D3-BF4B-00C04F79EFBC}") = "coreData", "coreData\coreData.csproj", "{8FF03992-6413-493C-9904-CFB865216F4C}"
EndProject
Project("{FAE04EC0-301F-11D3-BF4B-00C04F79EFBC}") = "coreModel", "coreModel\coreModel.csproj", "{03DB3335-38EB-4F5B-9E73-D2BAC981B5F7}"
EndProject
Global
	GlobalSection(SolutionConfigurationPlatforms) = preSolution
		Debug|Any CPU = Debug|Any CPU
		Release|Any CPU = Release|Any CPU
	EndGlobalSection
	GlobalSection(ProjectConfigurationPlatforms) = postSolution
		{A2984C86-146B-42FA-A3EE-305224AC2B38}.Debug|Any CPU.ActiveCfg = Debug|Any CPU
		{A2984C86-146B-42FA-A3EE-305224AC2B38}.Debug|Any CPU.Build.0 = Debug|Any CPU
		{A2984C86-146B-42FA-A3EE-305224AC2B38}.Release|Any CPU.ActiveCfg = Release|Any CPU
		{A2984C86-146B-42FA-A3EE-305224AC2B38}.Release|Any CPU.Build.0 = Release|Any CPU
		{8FF03992-6413-493C-9904-CFB865216F4C}.Debug|Any CPU.ActiveCfg = Debug|Any CPU
		{8FF03992-6413-493C-9904-CFB865216F4C}.Debug|Any CPU.Build.0 = Debug|Any CPU
		{8FF03992-6413-493C-9904-CFB865216F4C}.Release|Any CPU.ActiveCfg = Release|Any CPU
		{8FF03992-6413-493C-9904-CFB865216F4C}.Release|Any CPU.Build.0 = Release|Any CPU
		{03DB3335-38EB-4F5B-9E73-D2BAC981B5F7}.Debug|Any CPU.ActiveCfg = Debug|Any CPU
		{03DB3335-38EB-4F5B-9E73-D2BAC981B5F7}.Debug|Any CPU.Build.0 = Debug|Any CPU
		{03DB3335-38EB-4F5B-9E73-D2BAC981B5F7}.Release|Any CPU.ActiveCfg = Release|Any CPU
		{03DB3335-38EB-4F5B-9E73-D2BAC981B5F7}.Release|Any CPU.Build.0 = Release|Any CPU
	EndGlobalSection
	GlobalSection(SolutionProperties) = preSolution
		HideSolutionNode = FALSE
	EndGlobalSection
	GlobalSection(ExtensibilityGlobals) = postSolution
		SolutionGuid = {050D80A1-DC9F-44B7-A706-4B0DD1C0D9B4}
	EndGlobalSection
EndGlobal
